
Microsoft Visual Studio Solution File, Format Version 12.00
# Visual Studio Version 17
VisualStudioVersion = 17.14.36603.0
MinimumVisualStudioVersion = 10.0.40219.1
Project("{FAE04EC0-301F-11D3-BF4B-00C04F79EFBC}") = "test-krt-bank", "test-krt-bank\test-krt-bank.csproj", "{B29143A6-6737-4F73-B026-9C153F79D815}"
EndProject
Project("{2150E333-8FDC-42A3-9474-1A3956D46DE8}") = "Presentation", "Presentation", "{02EA681E-C7D8-13C7-8484-4AC65E1B71E8}"
EndProject
Project("{2150E333-8FDC-42A3-9474-1A3956D46DE8}") = "Application", "Application", "{3A6881E4-37FF-4E33-922F-4F6717B1F89C}"
EndProject
Project("{2150E333-8FDC-42A3-9474-1A3956D46DE8}") = "Domain", "Domain", "{5E7AF3CF-C83B-4D73-86CD-D5833616E9BF}"
EndProject
Project("{2150E333-8FDC-42A3-9474-1A3956D46DE8}") = "Infrastructure", "Infrastructure", "{AF7F2AAD-8958-4D28-8BE5-6D91E6D4C5CC}"
EndProject
Project("{2150E333-8FDC-42A3-9474-1A3956D46DE8}") = "Events", "Events", "{AF4029AD-67EB-45D0-9817-309E9DA9F2EB}"
EndProject
Project("{2150E333-8FDC-42A3-9474-1A3956D46DE8}") = "src", "src", "{0655E28A-CA84-421D-B90D-3F38B45B1361}"
EndProject
Project("{2150E333-8FDC-42A3-9474-1A3956D46DE8}") = "tests", "tests", "{72ACDE60-A033-4B39-A9A4-B52BB7393C11}"
EndProject
Project("{FAE04EC0-301F-11D3-BF4B-00C04F79EFBC}") = "Krt.Bank.Domain", "Krt.Bank.Domain\Krt.Bank.Domain.csproj", "{64446A5C-0054-41D2-AAAD-7D82702DB80C}"
EndProject
Project("{FAE04EC0-301F-11D3-BF4B-00C04F79EFBC}") = "Krt.Bank.Application", "Krt.Bank.Application\Krt.Bank.Application.csproj", "{13A2B03E-EBF1-46EF-AD49-E7BD7DFBB8A6}"
EndProject
Project("{FAE04EC0-301F-11D3-BF4B-00C04F79EFBC}") = "Krt.Bank.Infrastructure.Data.Configuration", "Krt.Bank.Infrastructure.Data.Configuration\Krt.Bank.Infrastructure.Data.Configuration.csproj", "{EDE46C52-A681-4F9E-88B0-C58B1E8753E4}"
EndProject
Project("{FAE04EC0-301F-11D3-BF4B-00C04F79EFBC}") = "Krt.Bank.Infrastructure.Data.Repositories", "Krt.Bank.Infrastructure.Data.Repositories\Krt.Bank.Infrastructure.Data.Repositories.csproj", "{96B21535-8F76-4046-9D5C-975D9D4F7DAA}"
EndProject
Project("{FAE04EC0-301F-11D3-BF4B-00C04F79EFBC}") = "Krt.Bank.Infrastructure.Io", "Krt.Bank.Infrastructure.Io\Krt.Bank.Infrastructure.Io.csproj", "{CCF4E034-9DD1-47B3-9A91-2F12BDFEA472}"
EndProject
Project("{FAE04EC0-301F-11D3-BF4B-00C04F79EFBC}") = "Krt.Bank.Application.Tests", "Krt.Bank.Application.Tests\Krt.Bank.Application.Tests.csproj", "{390B90C9-75DD-4A02-AA69-0A11DC0DC92A}"
EndProject
Project("{FAE04EC0-301F-11D3-BF4B-00C04F79EFBC}") = "Krt.Bank.Repostiroy.Tests", "Krt.Bank.Repostiroy.Tests\Krt.Bank.Repostiroy.Tests.csproj", "{ADD21226-B82D-4464-BE74-EB8F64796E13}"
EndProject
Project("{FAE04EC0-301F-11D3-BF4B-00C04F79EFBC}") = "Krt.Bank.Events", "Krt.Bank.Events\Krt.Bank.Events.csproj", "{67C67E09-3A0E-4410-8F1E-8E47E83B3C49}"
EndProject
Project("{FAE04EC0-301F-11D3-BF4B-00C04F79EFBC}") = "Krt.Bank.Infrastructure.Messaging", "Krt.Bank.Infrastructure.Messaging\Krt.Bank.Infrastructure.Messaging.csproj", "{07A0F01E-6382-4288-B94A-E1A89D311BAD}"
EndProject
Global
	GlobalSection(SolutionConfigurationPlatforms) = preSolution
		Debug|Any CPU = Debug|Any CPU
		Release|Any CPU = Release|Any CPU
	EndGlobalSection
	GlobalSection(ProjectConfigurationPlatforms) = postSolution
		{B29143A6-6737-4F73-B026-9C153F79D815}.Debug|Any CPU.ActiveCfg = Debug|Any CPU
		{B29143A6-6737-4F73-B026-9C153F79D815}.Debug|Any CPU.Build.0 = Debug|Any CPU
		{B29143A6-6737-4F73-B026-9C153F79D815}.Release|Any CPU.ActiveCfg = Release|Any CPU
		{B29143A6-6737-4F73-B026-9C153F79D815}.Release|Any CPU.Build.0 = Release|Any CPU
		{64446A5C-0054-41D2-AAAD-7D82702DB80C}.Debug|Any CPU.ActiveCfg = Debug|Any CPU
		{64446A5C-0054-41D2-AAAD-7D82702DB80C}.Debug|Any CPU.Build.0 = Debug|Any CPU
		{64446A5C-0054-41D2-AAAD-7D82702DB80C}.Release|Any CPU.ActiveCfg = Release|Any CPU
		{64446A5C-0054-41D2-AAAD-7D82702DB80C}.Release|Any CPU.Build.0 = Release|Any CPU
		{13A2B03E-EBF1-46EF-AD49-E7BD7DFBB8A6}.Debug|Any CPU.ActiveCfg = Debug|Any CPU
		{13A2B03E-EBF1-46EF-AD49-E7BD7DFBB8A6}.Debug|Any CPU.Build.0 = Debug|Any CPU
		{13A2B03E-EBF1-46EF-AD49-E7BD7DFBB8A6}.Release|Any CPU.ActiveCfg = Release|Any CPU
		{13A2B03E-EBF1-46EF-AD49-E7BD7DFBB8A6}.Release|Any CPU.Build.0 = Release|Any CPU
		{EDE46C52-A681-4F9E-88B0-C58B1E8753E4}.Debug|Any CPU.ActiveCfg = Debug|Any CPU
		{EDE46C52-A681-4F9E-88B0-C58B1E8753E4}.Debug|Any CPU.Build.0 = Debug|Any CPU
		{EDE46C52-A681-4F9E-88B0-C58B1E8753E4}.Release|Any CPU.ActiveCfg = Release|Any CPU
		{EDE46C52-A681-4F9E-88B0-C58B1E8753E4}.Release|Any CPU.Build.0 = Release|Any CPU
		{96B21535-8F76-4046-9D5C-975D9D4F7DAA}.Debug|Any CPU.ActiveCfg = Debug|Any CPU
		{96B21535-8F76-4046-9D5C-975D9D4F7DAA}.Debug|Any CPU.Build.0 = Debug|Any CPU
		{96B21535-8F76-4046-9D5C-975D9D4F7DAA}.Release|Any CPU.ActiveCfg = Release|Any CPU
		{96B21535-8F76-4046-9D5C-975D9D4F7DAA}.Release|Any CPU.Build.0 = Release|Any CPU
		{CCF4E034-9DD1-47B3-9A91-2F12BDFEA472}.Debug|Any CPU.ActiveCfg = Debug|Any CPU
		{CCF4E034-9DD1-47B3-9A91-2F12BDFEA472}.Debug|Any CPU.Build.0 = Debug|Any CPU
		{CCF4E034-9DD1-47B3-9A91-2F12BDFEA472}.Release|Any CPU.ActiveCfg = Release|Any CPU
		{CCF4E034-9DD1-47B3-9A91-2F12BDFEA472}.Release|Any CPU.Build.0 = Release|Any CPU
		{390B90C9-75DD-4A02-AA69-0A11DC0DC92A}.Debug|Any CPU.ActiveCfg = Debug|Any CPU
		{390B90C9-75DD-4A02-AA69-0A11DC0DC92A}.Debug|Any CPU.Build.0 = Debug|Any CPU
		{390B90C9-75DD-4A02-AA69-0A11DC0DC92A}.Release|Any CPU.ActiveCfg = Release|Any CPU
		{390B90C9-75DD-4A02-AA69-0A11DC0DC92A}.Release|Any CPU.Build.0 = Release|Any CPU
		{ADD21226-B82D-4464-BE74-EB8F64796E13}.Debug|Any CPU.ActiveCfg = Debug|Any CPU
		{ADD21226-B82D-4464-BE74-EB8F64796E13}.Debug|Any CPU.Build.0 = Debug|Any CPU
		{ADD21226-B82D-4464-BE74-EB8F64796E13}.Release|Any CPU.ActiveCfg = Release|Any CPU
		{ADD21226-B82D-4464-BE74-EB8F64796E13}.Release|Any CPU.Build.0 = Release|Any CPU
		{67C67E09-3A0E-4410-8F1E-8E47E83B3C49}.Debug|Any CPU.ActiveCfg = Debug|Any CPU
		{67C67E09-3A0E-4410-8F1E-8E47E83B3C49}.Debug|Any CPU.Build.0 = Debug|Any CPU
		{67C67E09-3A0E-4410-8F1E-8E47E83B3C49}.Release|Any CPU.ActiveCfg = Release|Any CPU
		{67C67E09-3A0E-4410-8F1E-8E47E83B3C49}.Release|Any CPU.Build.0 = Release|Any CPU
		{07A0F01E-6382-4288-B94A-E1A89D311BAD}.Debug|Any CPU.ActiveCfg = Debug|Any CPU
		{07A0F01E-6382-4288-B94A-E1A89D311BAD}.Debug|Any CPU.Build.0 = Debug|Any CPU
		{07A0F01E-6382-4288-B94A-E1A89D311BAD}.Release|Any CPU.ActiveCfg = Release|Any CPU
		{07A0F01E-6382-4288-B94A-E1A89D311BAD}.Release|Any CPU.Build.0 = Release|Any CPU
	EndGlobalSection
	GlobalSection(SolutionProperties) = preSolution
		HideSolutionNode = FALSE
	EndGlobalSection
	GlobalSection(NestedProjects) = preSolution
		{B29143A6-6737-4F73-B026-9C153F79D815} = {02EA681E-C7D8-13C7-8484-4AC65E1B71E8}
		{02EA681E-C7D8-13C7-8484-4AC65E1B71E8} = {0655E28A-CA84-421D-B90D-3F38B45B1361}
		{3A6881E4-37FF-4E33-922F-4F6717B1F89C} = {0655E28A-CA84-421D-B90D-3F38B45B1361}
		{5E7AF3CF-C83B-4D73-86CD-D5833616E9BF} = {0655E28A-CA84-421D-B90D-3F38B45B1361}
		{AF7F2AAD-8958-4D28-8BE5-6D91E6D4C5CC} = {0655E28A-CA84-421D-B90D-3F38B45B1361}
		{AF4029AD-67EB-45D0-9817-309E9DA9F2EB} = {0655E28A-CA84-421D-B90D-3F38B45B1361}
		{64446A5C-0054-41D2-AAAD-7D82702DB80C} = {5E7AF3CF-C83B-4D73-86CD-D5833616E9BF}
		{13A2B03E-EBF1-46EF-AD49-E7BD7DFBB8A6} = {3A6881E4-37FF-4E33-922F-4F6717B1F89C}
		{EDE46C52-A681-4F9E-88B0-C58B1E8753E4} = {AF7F2AAD-8958-4D28-8BE5-6D91E6D4C5CC}
		{96B21535-8F76-4046-9D5C-975D9D4F7DAA} = {AF7F2AAD-8958-4D28-8BE5-6D91E6D4C5CC}
		{CCF4E034-9DD1-47B3-9A91-2F12BDFEA472} = {AF7F2AAD-8958-4D28-8BE5-6D91E6D4C5CC}
		{390B90C9-75DD-4A02-AA69-0A11DC0DC92A} = {72ACDE60-A033-4B39-A9A4-B52BB7393C11}
		{ADD21226-B82D-4464-BE74-EB8F64796E13} = {72ACDE60-A033-4B39-A9A4-B52BB7393C11}
		{67C67E09-3A0E-4410-8F1E-8E47E83B3C49} = {AF4029AD-67EB-45D0-9817-309E9DA9F2EB}
		{07A0F01E-6382-4288-B94A-E1A89D311BAD} = {AF4029AD-67EB-45D0-9817-309E9DA9F2EB}
	EndGlobalSection
	GlobalSection(ExtensibilityGlobals) = postSolution
		SolutionGuid = {7CDCE28D-5512-4757-A44C-DDA0D1A37BE2}
	EndGlobalSection
EndGlobal
